// !$*UTF8*$!
{
	archiveVersion = 1;
	classes = {
	};
	objectVersion = 46;
	objects = {

/* Begin PBXBuildFile section */
		222869111B54552B000C8414 /* main.m in Sources */ = {isa = PBXBuildFile; fileRef = 222869101B54552B000C8414 /* main.m */; };
		222869191B545548000C8414 /* FileWatcher.m in Sources */ = {isa = PBXBuildFile; fileRef = 222869181B545548000C8414 /* FileWatcher.m */; };
		2228691F1B555C6D000C8414 /* TCPServer.m in Sources */ = {isa = PBXBuildFile; fileRef = 2228691E1B555C6D000C8414 /* TCPServer.m */; };
/* End PBXBuildFile section */

/* Begin PBXCopyFilesBuildPhase section */
		2228690B1B54552B000C8414 /* CopyFiles */ = {
			isa = PBXCopyFilesBuildPhase;
			buildActionMask = 2147483647;
			dstPath = /usr/share/man/man1/;
			dstSubfolderSpec = 0;
			files = (
			);
			runOnlyForDeploymentPostprocessing = 1;
		};
/* End PBXCopyFilesBuildPhase section */

/* Begin PBXFileReference section */
		2228690D1B54552B000C8414 /* listenHere */ = {isa = PBXFileReference; explicitFileType = "compiled.mach-o.executable"; includeInIndex = 0; path = listenHere; sourceTree = BUILT_PRODUCTS_DIR; };
		222869101B54552B000C8414 /* main.m */ = {isa = PBXFileReference; lastKnownFileType = sourcecode.c.objc; path = main.m; sourceTree = "<group>"; };
		222869171B545548000C8414 /* FileWatcher.h */ = {isa = PBXFileReference; fileEncoding = 4; lastKnownFileType = sourcecode.c.h; path = FileWatcher.h; sourceTree = "<group>"; };
		222869181B545548000C8414 /* FileWatcher.m */ = {isa = PBXFileReference; fileEncoding = 4; lastKnownFileType = sourcecode.c.objc; path = FileWatcher.m; sourceTree = "<group>"; };
		2228691D1B555C6D000C8414 /* TCPServer.h */ = {isa = PBXFileReference; fileEncoding = 4; lastKnownFileType = sourcecode.c.h; path = TCPServer.h; sourceTree = "<group>"; };
		2228691E1B555C6D000C8414 /* TCPServer.m */ = {isa = PBXFileReference; fileEncoding = 4; lastKnownFileType = sourcecode.c.objc; path = TCPServer.m; sourceTree = "<group>"; };
/* End PBXFileReference section */

/* Begin PBXFrameworksBuildPhase section */
		2228690A1B54552B000C8414 /* Frameworks */ = {
			isa = PBXFrameworksBuildPhase;
			buildActionMask = 2147483647;
			files = (
			);
			runOnlyForDeploymentPostprocessing = 0;
		};
/* End PBXFrameworksBuildPhase section */

/* Begin PBXGroup section */
		222869041B54552B000C8414 = {
			isa = PBXGroup;
			children = (
				2228690F1B54552B000C8414 /* listenHere */,
				2228690E1B54552B000C8414 /* Products */,
			);
			sourceTree = "<group>";
		};
		2228690E1B54552B000C8414 /* Products */ = {
			isa = PBXGroup;
			children = (
				2228690D1B54552B000C8414 /* listenHere */,
			);
			name = Products;
			sourceTree = "<group>";
		};
		2228690F1B54552B000C8414 /* listenHere */ = {
			isa = PBXGroup;
			children = (
				222869101B54552B000C8414 /* main.m */,
				222869171B545548000C8414 /* FileWatcher.h */,
				222869181B545548000C8414 /* FileWatcher.m */,
				2228691D1B555C6D000C8414 /* TCPServer.h */,
				2228691E1B555C6D000C8414 /* TCPServer.m */,
			);
			path = listenHere;
			sourceTree = "<group>";
		};
/* End PBXGroup section */

/* Begin PBXNativeTarget section */
		2228690C1B54552B000C8414 /* listenHere */ = {
			isa = PBXNativeTarget;
			buildConfigurationList = 222869141B54552B000C8414 /* Build configuration list for PBXNativeTarget "listenHere" */;
			buildPhases = (
				222869091B54552B000C8414 /* Sources */,
				2228690A1B54552B000C8414 /* Frameworks */,
				2228690B1B54552B000C8414 /* CopyFiles */,
			);
			buildRules = (
			);
			dependencies = (
			);
			name = listenHere;
			productName = listenHere;
			productReference = 2228690D1B54552B000C8414 /* listenHere */;
			productType = "com.apple.product-type.tool";
		};
/* End PBXNativeTarget section */

/* Begin PBXProject section */
		222869051B54552B000C8414 /* Project object */ = {
			isa = PBXProject;
			attributes = {
				LastUpgradeCheck = 0640;
				ORGANIZATIONNAME = "Ted C. Howard";
				TargetAttributes = {
					2228690C1B54552B000C8414 = {
						CreatedOnToolsVersion = 6.4;
					};
				};
			};
			buildConfigurationList = 222869081B54552B000C8414 /* Build configuration list for PBXProject "listenHere" */;
			compatibilityVersion = "Xcode 3.2";
			developmentRegion = English;
			hasScannedForEncodings = 0;
			knownRegions = (
				en,
			);
			mainGroup = 222869041B54552B000C8414;
			productRefGroup = 2228690E1B54552B000C8414 /* Products */;
			projectDirPath = "";
			projectRoot = "";
			targets = (
				2228690C1B54552B000C8414 /* listenHere */,
			);
		};
/* End PBXProject section */

/* Begin PBXSourcesBuildPhase section */
		222869091B54552B000C8414 /* Sources */ = {
			isa = PBXSourcesBuildPhase;
			buildActionMask = 2147483647;
			files = (
				2228691F1B555C6D000C8414 /* TCPServer.m in Sources */,
				222869191B545548000C8414 /* FileWatcher.m in Sources */,
				222869111B54552B000C8414 /* main.m in Sources */,
			);
			runOnlyForDeploymentPostprocessing = 0;
		};
/* End PBXSourcesBuildPhase section */

/* Begin XCBuildConfiguration section */
		222869121B54552B000C8414 /* Debug */ = {
			isa = XCBuildConfiguration;
			buildSettings = {
				ALWAYS_SEARCH_USER_PATHS = NO;
				CLANG_CXX_LANGUAGE_STANDARD = "gnu++0x";
				CLANG_CXX_LIBRARY = "libc++";
				CLANG_ENABLE_MODULES = YES;
				CLANG_ENABLE_OBJC_ARC = YES;
				CLANG_WARN_BOOL_CONVERSION = YES;
				CLANG_WARN_CONSTANT_CONVERSION = YES;
				CLANG_WARN_DIRECT_OBJC_ISA_USAGE = YES_ERROR;
				CLANG_WARN_EMPTY_BODY = YES;
				CLANG_WARN_ENUM_CONVERSION = YES;
				CLANG_WARN_INT_CONVERSION = YES;
				CLANG_WARN_OBJC_ROOT_CLASS = YES_ERROR;
				CLANG_WARN_UNREACHABLE_CODE = YES;
				CLANG_WARN__DUPLICATE_METHOD_MATCH = YES;
				COPY_PHASE_STRIP = NO;
				DEBUG_INFORMATION_FORMAT = dwarf;
				ENABLE_STRICT_OBJC_MSGSEND = YES;
				GCC_C_LANGUAGE_STANDARD = gnu99;
				GCC_DYNAMIC_NO_PIC = NO;
				GCC_NO_COMMON_BLOCKS = YES;
				GCC_OPTIMIZATION_LEVEL = 0;
				GCC_PREPROCESSOR_DEFINITIONS = (
					"DEBUG=1",
					"$(inherited)",
				);
				GCC_SYMBOLS_PRIVATE_EXTERN = NO;
				GCC_WARN_64_TO_32_BIT_CONVERSION = YES;
				GCC_WARN_ABOUT_RETURN_TYPE = YES_ERROR;
				GCC_WARN_UNDECLARED_SELECTOR = YES;
				GCC_WARN_UNINITIALIZED_AUTOS = YES_AGGRESSIVE;
				GCC_WARN_UNUSED_FUNCTION = YES;
				GCC_WARN_UNUSED_VARIABLE = YES;
				MACOSX_DEPLOYMENT_TARGET = 10.10;
				MTL_ENABLE_DEBUG_INFO = YES;
				ONLY_ACTIVE_ARCH = YES;
				SDKROOT = macosx;
			};
			name = Debug;
		};
		222869131B54552B000C8414 /* Release */ = {
			isa = XCBuildConfiguration;
			buildSettings = {
				ALWAYS_SEARCH_USER_PATHS = NO;
				CLANG_CXX_LANGUAGE_STANDARD = "gnu++0x";
				CLANG_CXX_LIBRARY = "libc++";
				CLANG_ENABLE_MODULES = YES;
				CLANG_ENABLE_OBJC_ARC = YES;
				CLANG_WARN_BOOL_CONVERSION = YES;
				CLANG_WARN_CONSTANT_CONVERSION = YES;
				CLANG_WARN_DIRECT_OBJC_ISA_USAGE = YES_ERROR;
				CLANG_WARN_EMPTY_BODY = YES;
				CLANG_WARN_ENUM_CONVERSION = YES;
				CLANG_WARN_INT_CONVERSION = YES;
				CLANG_WARN_OBJC_ROOT_CLASS = YES_ERROR;
				CLANG_WARN_UNREACHABLE_CODE = YES;
				CLANG_WARN__DUPLICATE_METHOD_MATCH = YES;
				COPY_PHASE_STRIP = NO;
				DEBUG_INFORMATION_FORMAT = "dwarf-with-dsym";
				ENABLE_NS_ASSERTIONS = NO;
				ENABLE_STRICT_OBJC_MSGSEND = YES;
				GCC_C_LANGUAGE_STANDARD = gnu99;
				GCC_NO_COMMON_BLOCKS = YES;
				GCC_WARN_64_TO_32_BIT_CONVERSION = YES;
				GCC_WARN_ABOUT_RETURN_TYPE = YES_ERROR;
				GCC_WARN_UNDECLARED_SELECTOR = YES;
				GCC_WARN_UNINITIALIZED_AUTOS = YES_AGGRESSIVE;
				GCC_WARN_UNUSED_FUNCTION = YES;
				GCC_WARN_UNUSED_VARIABLE = YES;
				MACOSX_DEPLOYMENT_TARGET = 10.10;
				MTL_ENABLE_DEBUG_INFO = NO;
				SDKROOT = macosx;
			};
			name = Release;
		};
		222869151B54552B000C8414 /* Debug */ = {
			isa = XCBuildConfiguration;
			buildSettings = {
				PRODUCT_NAME = "$(TARGET_NAME)";
			};
			name = Debug;
		};
		222869161B54552B000C8414 /* Release */ = {
			isa = XCBuildConfiguration;
			buildSettings = {
				PRODUCT_NAME = "$(TARGET_NAME)";
			};
			name = Release;
		};
/* End XCBuildConfiguration section */

/* Begin XCConfigurationList section */
		222869081B54552B000C8414 /* Build configuration list for PBXProject "listenHere" */ = {
			isa = XCConfigurationList;
			buildConfigurations = (
				222869121B54552B000C8414 /* Debug */,
				222869131B54552B000C8414 /* Release */,
			);
			defaultConfigurationIsVisible = 0;
			defaultConfigurationName = Release;
		};
		222869141B54552B000C8414 /* Build configuration list for PBXNativeTarget "listenHere" */ = {
			isa = XCConfigurationList;
			buildConfigurations = (
				222869151B54552B000C8414 /* Debug */,
				222869161B54552B000C8414 /* Release */,
			);
			defaultConfigurationIsVisible = 0;
		};
/* End XCConfigurationList section */
	};
	rootObject = 222869051B54552B000C8414 /* Project object */;
}
